Microsoft Visual Studio Solution File, Format Version 11.00
# Visual Studio 2008

Project("{BDEA30B7-EB9A-6FB1-9235-4E68B2A7EC9A}") = "IGME Production Studio", "Assembly-CSharp.csproj", "{749544C2-F8BD-3862-E547-E28ECC12DA9A}"
EndProject
Project("{BDEA30B7-EB9A-6FB1-9235-4E68B2A7EC9A}") = "IGME Production Studio", "Assembly-CSharp-Editor.csproj", "{5DC08AF3-9EA9-C568-AB65-69F4CA49F593}"
EndProject
Global
	GlobalSection(SolutionConfigurationPlatforms) = preSolution
		Debug|Any CPU = Debug|Any CPU
		Release|Any CPU = Release|Any CPU
	EndGlobalSection
	GlobalSection(ProjectConfigurationPlatforms) = postSolution
		{749544C2-F8BD-3862-E547-E28ECC12DA9A}.Debug|Any CPU.ActiveCfg = Debug|Any CPU
		{749544C2-F8BD-3862-E547-E28ECC12DA9A}.Debug|Any CPU.Build.0 = Debug|Any CPU
		{749544C2-F8BD-3862-E547-E28ECC12DA9A}.Release|Any CPU.ActiveCfg = Release|Any CPU
		{749544C2-F8BD-3862-E547-E28ECC12DA9A}.Release|Any CPU.Build.0 = Release|Any CPU
		{5DC08AF3-9EA9-C568-AB65-69F4CA49F593}.Debug|Any CPU.ActiveCfg = Debug|Any CPU
		{5DC08AF3-9EA9-C568-AB65-69F4CA49F593}.Debug|Any CPU.Build.0 = Debug|Any CPU
		{5DC08AF3-9EA9-C568-AB65-69F4CA49F593}.Release|Any CPU.ActiveCfg = Release|Any CPU
		{5DC08AF3-9EA9-C568-AB65-69F4CA49F593}.Release|Any CPU.Build.0 = Release|Any CPU
	EndGlobalSection
	GlobalSection(SolutionProperties) = preSolution
		HideSolutionNode = FALSE
	EndGlobalSection
	GlobalSection(MonoDevelopProperties) = preSolution
		StartupItem = Assembly-CSharp.csproj
	EndGlobalSection
EndGlobal
