
Microsoft Visual Studio Solution File, Format Version 12.00
# Visual Studio 2015
Project("{FAE04EC0-301F-11D3-BF4B-00C04F79EFBC}") = "IGME Production Studio", "IGME Production Studio.csproj", "{3CD4F40A-3165-B1E2-AA2A-67D81BC7CF66}"
EndProject
Project("{FAE04EC0-301F-11D3-BF4B-00C04F79EFBC}") = "IGME Production Studio.Editor", "IGME Production Studio.Editor.csproj", "{0B68A741-D359-7C6E-CE86-724135DCF4DB}"
EndProject
Global
	GlobalSection(SolutionConfigurationPlatforms) = preSolution
		Debug|Any CPU = Debug|Any CPU
		Release|Any CPU = Release|Any CPU
	EndGlobalSection
	GlobalSection(ProjectConfigurationPlatforms) = postSolution
		{3CD4F40A-3165-B1E2-AA2A-67D81BC7CF66}.Debug|Any CPU.ActiveCfg = Debug|Any CPU
		{3CD4F40A-3165-B1E2-AA2A-67D81BC7CF66}.Debug|Any CPU.Build.0 = Debug|Any CPU
		{3CD4F40A-3165-B1E2-AA2A-67D81BC7CF66}.Release|Any CPU.ActiveCfg = Release|Any CPU
		{3CD4F40A-3165-B1E2-AA2A-67D81BC7CF66}.Release|Any CPU.Build.0 = Release|Any CPU
		{0B68A741-D359-7C6E-CE86-724135DCF4DB}.Debug|Any CPU.ActiveCfg = Debug|Any CPU
		{0B68A741-D359-7C6E-CE86-724135DCF4DB}.Debug|Any CPU.Build.0 = Debug|Any CPU
		{0B68A741-D359-7C6E-CE86-724135DCF4DB}.Release|Any CPU.ActiveCfg = Release|Any CPU
		{0B68A741-D359-7C6E-CE86-724135DCF4DB}.Release|Any CPU.Build.0 = Release|Any CPU
	EndGlobalSection
	GlobalSection(SolutionProperties) = preSolution
		HideSolutionNode = FALSE
	EndGlobalSection
EndGlobal
